
Microsoft Visual Studio Solution File, Format Version 12.00
# Visual Studio Version 16
VisualStudioVersion = 16.0.29709.97
MinimumVisualStudioVersion = 10.0.40219.1
Project("{FAE04EC0-301F-11D3-BF4B-00C04F79EFBC}") = "CompletelyOptional", "CompletelyOptional\CompletelyOptional.csproj", "{5930839C-86D6-44CF-A345-E03AB51FD03A}"
EndProject
Project("{2150E333-8FDC-42A3-9474-1A3956D46DE8}") = "Solution Items", "Solution Items", "{57051A70-7798-4B7C-BAC3-559317FB5A6A}"
	ProjectSection(SolutionItems) = preProject
		.editorconfig = .editorconfig
	EndProjectSection
EndProject
Global
	GlobalSection(SolutionConfigurationPlatforms) = preSolution
		Debug|Any CPU = Debug|Any CPU
		Release|Any CPU = Release|Any CPU
	EndGlobalSection
	GlobalSection(ProjectConfigurationPlatforms) = postSolution
		{5930839C-86D6-44CF-A345-E03AB51FD03A}.Debug|Any CPU.ActiveCfg = Debug|Any CPU
		{5930839C-86D6-44CF-A345-E03AB51FD03A}.Debug|Any CPU.Build.0 = Debug|Any CPU
		{5930839C-86D6-44CF-A345-E03AB51FD03A}.Release|Any CPU.ActiveCfg = Release|Any CPU
		{5930839C-86D6-44CF-A345-E03AB51FD03A}.Release|Any CPU.Build.0 = Release|Any CPU
	EndGlobalSection
	GlobalSection(SolutionProperties) = preSolution
		HideSolutionNode = FALSE
	EndGlobalSection
	GlobalSection(ExtensibilityGlobals) = postSolution
		SolutionGuid = {AF355F49-8833-4B03-BED7-BFFAD65707FD}
	EndGlobalSection
EndGlobal
